
Microsoft Visual Studio Solution File, Format Version 12.00
Project("{FAE04EC0-301F-11D3-BF4B-00C04F79EFBC}") = "PokeConsole", "PokeConsole\PokeConsole.csproj", "{5E0D347B-A1EF-4747-A7B7-937F7053F987}"
EndProject
Global
	GlobalSection(SolutionConfigurationPlatforms) = preSolution
		Debug|Any CPU = Debug|Any CPU
		Release|Any CPU = Release|Any CPU
	EndGlobalSection
	GlobalSection(ProjectConfigurationPlatforms) = postSolution
		{5E0D347B-A1EF-4747-A7B7-937F7053F987}.Debug|Any CPU.ActiveCfg = Debug|Any CPU
		{5E0D347B-A1EF-4747-A7B7-937F7053F987}.Debug|Any CPU.Build.0 = Debug|Any CPU
		{5E0D347B-A1EF-4747-A7B7-937F7053F987}.Release|Any CPU.ActiveCfg = Release|Any CPU
		{5E0D347B-A1EF-4747-A7B7-937F7053F987}.Release|Any CPU.Build.0 = Release|Any CPU
	EndGlobalSection
EndGlobal
